# This file is autogenerated, do not edit; changes may be undone by the next 'dep ensure'.


[[projects]]
  digest = "1:3973ccf6074f1ce1ab0dc702be67d8cc77e96a8ffa2b9caa5b790c0477c12d2b"
  name = "github.com/TheMysteriousVincent/go-pbo"
  packages = ["."]
  pruneopts = "UT"
  revision = "a1adf0d6245107cc7b054f27dc3a7b39ed43930d"
  version = "0.5"

[solve-meta]
  analyzer-name = "dep"
  analyzer-version = 1
  input-imports = ["github.com/TheMysteriousVincent/go-pbo"]
  solver-name = "gps-cdcl"
  solver-version = 1
